// !$*UTF8*$!
{
	archiveVersion = 1;
	classes = {
	};
	objectVersion = 55;
	objects = {

/* Begin PBXBuildFile section */
		176072FB281174D40028C5B6 /* TestRequest.swift in Sources */ = {isa = PBXBuildFile; fileRef = 176072FA281174D40028C5B6 /* TestRequest.swift */; };
		176072FD2811796D0028C5B6 /* QuestionRequest.swift in Sources */ = {isa = PBXBuildFile; fileRef = 176072FC2811796D0028C5B6 /* QuestionRequest.swift */; };
		17CC979C28105D8E0039605F /* Tests_iOS.swift in Sources */ = {isa = PBXBuildFile; fileRef = 17CC979B28105D8E0039605F /* Tests_iOS.swift */; };
		17CC979E28105D8E0039605F /* Tests_iOSLaunchTests.swift in Sources */ = {isa = PBXBuildFile; fileRef = 17CC979D28105D8E0039605F /* Tests_iOSLaunchTests.swift */; };
		17CC97A828105D8E0039605F /* Tests_macOS.swift in Sources */ = {isa = PBXBuildFile; fileRef = 17CC97A728105D8E0039605F /* Tests_macOS.swift */; };
		17CC97AA28105D8E0039605F /* Tests_macOSLaunchTests.swift in Sources */ = {isa = PBXBuildFile; fileRef = 17CC97A928105D8E0039605F /* Tests_macOSLaunchTests.swift */; };
		17CC97AB28105D8E0039605F /* MedBayApp.swift in Sources */ = {isa = PBXBuildFile; fileRef = 17CC978328105D8B0039605F /* MedBayApp.swift */; };
		17CC97AC28105D8E0039605F /* MedBayApp.swift in Sources */ = {isa = PBXBuildFile; fileRef = 17CC978328105D8B0039605F /* MedBayApp.swift */; };
		17CC97AD28105D8E0039605F /* ContentView.swift in Sources */ = {isa = PBXBuildFile; fileRef = 17CC978428105D8B0039605F /* ContentView.swift */; };
		17CC97AE28105D8E0039605F /* ContentView.swift in Sources */ = {isa = PBXBuildFile; fileRef = 17CC978428105D8B0039605F /* ContentView.swift */; };
		17CC97AF28105D8E0039605F /* Assets.xcassets in Resources */ = {isa = PBXBuildFile; fileRef = 17CC978528105D8E0039605F /* Assets.xcassets */; };
		17CC97B028105D8E0039605F /* Assets.xcassets in Resources */ = {isa = PBXBuildFile; fileRef = 17CC978528105D8E0039605F /* Assets.xcassets */; };
		17DA9692281064BA009F101A /* QuestionView.swift in Sources */ = {isa = PBXBuildFile; fileRef = 17DA9691281064BA009F101A /* QuestionView.swift */; };
		17DA9693281064BA009F101A /* QuestionView.swift in Sources */ = {isa = PBXBuildFile; fileRef = 17DA9691281064BA009F101A /* QuestionView.swift */; };
		17DA969528106564009F101A /* Question.swift in Sources */ = {isa = PBXBuildFile; fileRef = 17DA969428106564009F101A /* Question.swift */; };
		17DA969628106564009F101A /* Question.swift in Sources */ = {isa = PBXBuildFile; fileRef = 17DA969428106564009F101A /* Question.swift */; };
		17DA969E28106694009F101A /* QuestionRow.swift in Sources */ = {isa = PBXBuildFile; fileRef = 17DA969D28106694009F101A /* QuestionRow.swift */; };
		17DA969F28106694009F101A /* QuestionRow.swift in Sources */ = {isa = PBXBuildFile; fileRef = 17DA969D28106694009F101A /* QuestionRow.swift */; };
		17DA96A1281068E5009F101A /* TheBayView.swift in Sources */ = {isa = PBXBuildFile; fileRef = 17DA96A0281068E5009F101A /* TheBayView.swift */; };
		17DA96A2281068E5009F101A /* TheBayView.swift in Sources */ = {isa = PBXBuildFile; fileRef = 17DA96A0281068E5009F101A /* TheBayView.swift */; };
		17DA96A428106A93009F101A /* WriteView.swift in Sources */ = {isa = PBXBuildFile; fileRef = 17DA96A328106A93009F101A /* WriteView.swift */; };
		17DA96A528106A93009F101A /* WriteView.swift in Sources */ = {isa = PBXBuildFile; fileRef = 17DA96A328106A93009F101A /* WriteView.swift */; };
/* End PBXBuildFile section */

/* Begin PBXContainerItemProxy section */
		17CC979828105D8E0039605F /* PBXContainerItemProxy */ = {
			isa = PBXContainerItemProxy;
			containerPortal = 17CC977E28105D8B0039605F /* Project object */;
			proxyType = 1;
			remoteGlobalIDString = 17CC978928105D8E0039605F;
			remoteInfo = "MedBay (iOS)";
		};
		17CC97A428105D8E0039605F /* PBXContainerItemProxy */ = {
			isa = PBXContainerItemProxy;
			containerPortal = 17CC977E28105D8B0039605F /* Project object */;
			proxyType = 1;
			remoteGlobalIDString = 17CC978F28105D8E0039605F;
			remoteInfo = "MedBay (macOS)";
		};
/* End PBXContainerItemProxy section */

/* Begin PBXFileReference section */
		176072FA281174D40028C5B6 /* TestRequest.swift */ = {isa = PBXFileReference; lastKnownFileType = sourcecode.swift; path = TestRequest.swift; sourceTree = "<group>"; };
		176072FC2811796D0028C5B6 /* QuestionRequest.swift */ = {isa = PBXFileReference; lastKnownFileType = sourcecode.swift; path = QuestionRequest.swift; sourceTree = "<group>"; };
		17CC978328105D8B0039605F /* MedBayApp.swift */ = {isa = PBXFileReference; lastKnownFileType = sourcecode.swift; path = MedBayApp.swift; sourceTree = "<group>"; };
		17CC978428105D8B0039605F /* ContentView.swift */ = {isa = PBXFileReference; lastKnownFileType = sourcecode.swift; path = ContentView.swift; sourceTree = "<group>"; };
		17CC978528105D8E0039605F /* Assets.xcassets */ = {isa = PBXFileReference; lastKnownFileType = folder.assetcatalog; path = Assets.xcassets; sourceTree = "<group>"; };
		17CC978A28105D8E0039605F /* MedBay.app */ = {isa = PBXFileReference; explicitFileType = wrapper.application; includeInIndex = 0; path = MedBay.app; sourceTree = BUILT_PRODUCTS_DIR; };
		17CC979028105D8E0039605F /* MedBay.app */ = {isa = PBXFileReference; explicitFileType = wrapper.application; includeInIndex = 0; path = MedBay.app; sourceTree = BUILT_PRODUCTS_DIR; };
		17CC979228105D8E0039605F /* macOS.entitlements */ = {isa = PBXFileReference; lastKnownFileType = text.plist.entitlements; path = macOS.entitlements; sourceTree = "<group>"; };
		17CC979728105D8E0039605F /* Tests iOS.xctest */ = {isa = PBXFileReference; explicitFileType = wrapper.cfbundle; includeInIndex = 0; path = "Tests iOS.xctest"; sourceTree = BUILT_PRODUCTS_DIR; };
		17CC979B28105D8E0039605F /* Tests_iOS.swift */ = {isa = PBXFileReference; lastKnownFileType = sourcecode.swift; path = Tests_iOS.swift; sourceTree = "<group>"; };
		17CC979D28105D8E0039605F /* Tests_iOSLaunchTests.swift */ = {isa = PBXFileReference; lastKnownFileType = sourcecode.swift; path = Tests_iOSLaunchTests.swift; sourceTree = "<group>"; };
		17CC97A328105D8E0039605F /* Tests macOS.xctest */ = {isa = PBXFileReference; explicitFileType = wrapper.cfbundle; includeInIndex = 0; path = "Tests macOS.xctest"; sourceTree = BUILT_PRODUCTS_DIR; };
		17CC97A728105D8E0039605F /* Tests_macOS.swift */ = {isa = PBXFileReference; lastKnownFileType = sourcecode.swift; path = Tests_macOS.swift; sourceTree = "<group>"; };
		17CC97A928105D8E0039605F /* Tests_macOSLaunchTests.swift */ = {isa = PBXFileReference; lastKnownFileType = sourcecode.swift; path = Tests_macOSLaunchTests.swift; sourceTree = "<group>"; };
		17DA9691281064BA009F101A /* QuestionView.swift */ = {isa = PBXFileReference; lastKnownFileType = sourcecode.swift; path = QuestionView.swift; sourceTree = "<group>"; };
		17DA969428106564009F101A /* Question.swift */ = {isa = PBXFileReference; lastKnownFileType = sourcecode.swift; path = Question.swift; sourceTree = "<group>"; };
		17DA969D28106694009F101A /* QuestionRow.swift */ = {isa = PBXFileReference; lastKnownFileType = sourcecode.swift; path = QuestionRow.swift; sourceTree = "<group>"; };
		17DA96A0281068E5009F101A /* TheBayView.swift */ = {isa = PBXFileReference; lastKnownFileType = sourcecode.swift; path = TheBayView.swift; sourceTree = "<group>"; };
		17DA96A328106A93009F101A /* WriteView.swift */ = {isa = PBXFileReference; lastKnownFileType = sourcecode.swift; path = WriteView.swift; sourceTree = "<group>"; };
/* End PBXFileReference section */

/* Begin PBXFrameworksBuildPhase section */
		17CC978728105D8E0039605F /* Frameworks */ = {
			isa = PBXFrameworksBuildPhase;
			buildActionMask = 2147483647;
			files = (
			);
			runOnlyForDeploymentPostprocessing = 0;
		};
		17CC978D28105D8E0039605F /* Frameworks */ = {
			isa = PBXFrameworksBuildPhase;
			buildActionMask = 2147483647;
			files = (
			);
			runOnlyForDeploymentPostprocessing = 0;
		};
		17CC979428105D8E0039605F /* Frameworks */ = {
			isa = PBXFrameworksBuildPhase;
			buildActionMask = 2147483647;
			files = (
			);
			runOnlyForDeploymentPostprocessing = 0;
		};
		17CC97A028105D8E0039605F /* Frameworks */ = {
			isa = PBXFrameworksBuildPhase;
			buildActionMask = 2147483647;
			files = (
			);
			runOnlyForDeploymentPostprocessing = 0;
		};
/* End PBXFrameworksBuildPhase section */

/* Begin PBXGroup section */
		176072F9281174930028C5B6 /* Network */ = {
			isa = PBXGroup;
			children = (
				176072FA281174D40028C5B6 /* TestRequest.swift */,
				176072FC2811796D0028C5B6 /* QuestionRequest.swift */,
			);
			path = Network;
			sourceTree = "<group>";
		};
		17CC977D28105D8B0039605F = {
			isa = PBXGroup;
			children = (
				17CC978228105D8B0039605F /* Shared */,
				17CC979128105D8E0039605F /* macOS */,
				17CC979A28105D8E0039605F /* Tests iOS */,
				17CC97A628105D8E0039605F /* Tests macOS */,
				17CC978B28105D8E0039605F /* Products */,
			);
			sourceTree = "<group>";
		};
		17CC978228105D8B0039605F /* Shared */ = {
			isa = PBXGroup;
			children = (
				176072F9281174930028C5B6 /* Network */,
				17DA969C28106666009F101A /* Model */,
				17DA969A28106655009F101A /* Views */,
				17CC978328105D8B0039605F /* MedBayApp.swift */,
				17CC978528105D8E0039605F /* Assets.xcassets */,
			);
			path = Shared;
			sourceTree = "<group>";
		};
		17CC978B28105D8E0039605F /* Products */ = {
			isa = PBXGroup;
			children = (
				17CC978A28105D8E0039605F /* MedBay.app */,
				17CC979028105D8E0039605F /* MedBay.app */,
				17CC979728105D8E0039605F /* Tests iOS.xctest */,
				17CC97A328105D8E0039605F /* Tests macOS.xctest */,
			);
			name = Products;
			sourceTree = "<group>";
		};
		17CC979128105D8E0039605F /* macOS */ = {
			isa = PBXGroup;
			children = (
				17CC979228105D8E0039605F /* macOS.entitlements */,
			);
			path = macOS;
			sourceTree = "<group>";
		};
		17CC979A28105D8E0039605F /* Tests iOS */ = {
			isa = PBXGroup;
			children = (
				17CC979B28105D8E0039605F /* Tests_iOS.swift */,
				17CC979D28105D8E0039605F /* Tests_iOSLaunchTests.swift */,
			);
			path = "Tests iOS";
			sourceTree = "<group>";
		};
		17CC97A628105D8E0039605F /* Tests macOS */ = {
			isa = PBXGroup;
			children = (
				17CC97A728105D8E0039605F /* Tests_macOS.swift */,
				17CC97A928105D8E0039605F /* Tests_macOSLaunchTests.swift */,
			);
			path = "Tests macOS";
			sourceTree = "<group>";
		};
		17DA969A28106655009F101A /* Views */ = {
			isa = PBXGroup;
			children = (
				17CC978428105D8B0039605F /* ContentView.swift */,
				17DA9691281064BA009F101A /* QuestionView.swift */,
				17DA969D28106694009F101A /* QuestionRow.swift */,
				17DA96A0281068E5009F101A /* TheBayView.swift */,
				17DA96A328106A93009F101A /* WriteView.swift */,
			);
			path = Views;
			sourceTree = "<group>";
		};
		17DA969C28106666009F101A /* Model */ = {
			isa = PBXGroup;
			children = (
				17DA969428106564009F101A /* Question.swift */,
			);
			path = Model;
			sourceTree = "<group>";
		};
/* End PBXGroup section */

/* Begin PBXNativeTarget section */
		17CC978928105D8E0039605F /* MedBay (iOS) */ = {
			isa = PBXNativeTarget;
			buildConfigurationList = 17CC97B328105D8E0039605F /* Build configuration list for PBXNativeTarget "MedBay (iOS)" */;
			buildPhases = (
				17CC978628105D8E0039605F /* Sources */,
				17CC978728105D8E0039605F /* Frameworks */,
				17CC978828105D8E0039605F /* Resources */,
			);
			buildRules = (
			);
			dependencies = (
			);
			name = "MedBay (iOS)";
			productName = "MedBay (iOS)";
			productReference = 17CC978A28105D8E0039605F /* MedBay.app */;
			productType = "com.apple.product-type.application";
		};
		17CC978F28105D8E0039605F /* MedBay (macOS) */ = {
			isa = PBXNativeTarget;
			buildConfigurationList = 17CC97B628105D8E0039605F /* Build configuration list for PBXNativeTarget "MedBay (macOS)" */;
			buildPhases = (
				17CC978C28105D8E0039605F /* Sources */,
				17CC978D28105D8E0039605F /* Frameworks */,
				17CC978E28105D8E0039605F /* Resources */,
			);
			buildRules = (
			);
			dependencies = (
			);
			name = "MedBay (macOS)";
			productName = "MedBay (macOS)";
			productReference = 17CC979028105D8E0039605F /* MedBay.app */;
			productType = "com.apple.product-type.application";
		};
		17CC979628105D8E0039605F /* Tests iOS */ = {
			isa = PBXNativeTarget;
			buildConfigurationList = 17CC97B928105D8E0039605F /* Build configuration list for PBXNativeTarget "Tests iOS" */;
			buildPhases = (
				17CC979328105D8E0039605F /* Sources */,
				17CC979428105D8E0039605F /* Frameworks */,
				17CC979528105D8E0039605F /* Resources */,
			);
			buildRules = (
			);
			dependencies = (
				17CC979928105D8E0039605F /* PBXTargetDependency */,
			);
			name = "Tests iOS";
			productName = "Tests iOS";
			productReference = 17CC979728105D8E0039605F /* Tests iOS.xctest */;
			productType = "com.apple.product-type.bundle.ui-testing";
		};
		17CC97A228105D8E0039605F /* Tests macOS */ = {
			isa = PBXNativeTarget;
			buildConfigurationList = 17CC97BC28105D8E0039605F /* Build configuration list for PBXNativeTarget "Tests macOS" */;
			buildPhases = (
				17CC979F28105D8E0039605F /* Sources */,
				17CC97A028105D8E0039605F /* Frameworks */,
				17CC97A128105D8E0039605F /* Resources */,
			);
			buildRules = (
			);
			dependencies = (
				17CC97A528105D8E0039605F /* PBXTargetDependency */,
			);
			name = "Tests macOS";
			productName = "Tests macOS";
			productReference = 17CC97A328105D8E0039605F /* Tests macOS.xctest */;
			productType = "com.apple.product-type.bundle.ui-testing";
		};
/* End PBXNativeTarget section */

/* Begin PBXProject section */
		17CC977E28105D8B0039605F /* Project object */ = {
			isa = PBXProject;
			attributes = {
				BuildIndependentTargetsInParallel = 1;
				LastSwiftUpdateCheck = 1330;
				LastUpgradeCheck = 1330;
				TargetAttributes = {
					17CC978928105D8E0039605F = {
						CreatedOnToolsVersion = 13.3.1;
					};
					17CC978F28105D8E0039605F = {
						CreatedOnToolsVersion = 13.3.1;
					};
					17CC979628105D8E0039605F = {
						CreatedOnToolsVersion = 13.3.1;
						TestTargetID = 17CC978928105D8E0039605F;
					};
					17CC97A228105D8E0039605F = {
						CreatedOnToolsVersion = 13.3.1;
						TestTargetID = 17CC978F28105D8E0039605F;
					};
				};
			};
			buildConfigurationList = 17CC978128105D8B0039605F /* Build configuration list for PBXProject "MedBay" */;
			compatibilityVersion = "Xcode 13.0";
			developmentRegion = en;
			hasScannedForEncodings = 0;
			knownRegions = (
				en,
				Base,
			);
			mainGroup = 17CC977D28105D8B0039605F;
			productRefGroup = 17CC978B28105D8E0039605F /* Products */;
			projectDirPath = "";
			projectRoot = "";
			targets = (
				17CC978928105D8E0039605F /* MedBay (iOS) */,
				17CC978F28105D8E0039605F /* MedBay (macOS) */,
				17CC979628105D8E0039605F /* Tests iOS */,
				17CC97A228105D8E0039605F /* Tests macOS */,
			);
		};
/* End PBXProject section */

/* Begin PBXResourcesBuildPhase section */
		17CC978828105D8E0039605F /* Resources */ = {
			isa = PBXResourcesBuildPhase;
			buildActionMask = 2147483647;
			files = (
				17CC97AF28105D8E0039605F /* Assets.xcassets in Resources */,
			);
			runOnlyForDeploymentPostprocessing = 0;
		};
		17CC978E28105D8E0039605F /* Resources */ = {
			isa = PBXResourcesBuildPhase;
			buildActionMask = 2147483647;
			files = (
				17CC97B028105D8E0039605F /* Assets.xcassets in Resources */,
			);
			runOnlyForDeploymentPostprocessing = 0;
		};
		17CC979528105D8E0039605F /* Resources */ = {
			isa = PBXResourcesBuildPhase;
			buildActionMask = 2147483647;
			files = (
			);
			runOnlyForDeploymentPostprocessing = 0;
		};
		17CC97A128105D8E0039605F /* Resources */ = {
			isa = PBXResourcesBuildPhase;
			buildActionMask = 2147483647;
			files = (
			);
			runOnlyForDeploymentPostprocessing = 0;
		};
/* End PBXResourcesBuildPhase section */

/* Begin PBXSourcesBuildPhase section */
		17CC978628105D8E0039605F /* Sources */ = {
			isa = PBXSourcesBuildPhase;
			buildActionMask = 2147483647;
			files = (
				176072FD2811796D0028C5B6 /* QuestionRequest.swift in Sources */,
				17DA96A428106A93009F101A /* WriteView.swift in Sources */,
				17CC97AD28105D8E0039605F /* ContentView.swift in Sources */,
				17DA96A1281068E5009F101A /* TheBayView.swift in Sources */,
				17DA9692281064BA009F101A /* QuestionView.swift in Sources */,
				17DA969E28106694009F101A /* QuestionRow.swift in Sources */,
				176072FB281174D40028C5B6 /* TestRequest.swift in Sources */,
				17CC97AB28105D8E0039605F /* MedBayApp.swift in Sources */,
				17DA969528106564009F101A /* Question.swift in Sources */,
			);
			runOnlyForDeploymentPostprocessing = 0;
		};
		17CC978C28105D8E0039605F /* Sources */ = {
			isa = PBXSourcesBuildPhase;
			buildActionMask = 2147483647;
			files = (
				17DA96A528106A93009F101A /* WriteView.swift in Sources */,
				17CC97AE28105D8E0039605F /* ContentView.swift in Sources */,
				17DA96A2281068E5009F101A /* TheBayView.swift in Sources */,
				17DA9693281064BA009F101A /* QuestionView.swift in Sources */,
				17DA969F28106694009F101A /* QuestionRow.swift in Sources */,
				17CC97AC28105D8E0039605F /* MedBayApp.swift in Sources */,
				17DA969628106564009F101A /* Question.swift in Sources */,
			);
			runOnlyForDeploymentPostprocessing = 0;
		};
		17CC979328105D8E0039605F /* Sources */ = {
			isa = PBXSourcesBuildPhase;
			buildActionMask = 2147483647;
			files = (
				17CC979E28105D8E0039605F /* Tests_iOSLaunchTests.swift in Sources */,
				17CC979C28105D8E0039605F /* Tests_iOS.swift in Sources */,
			);
			runOnlyForDeploymentPostprocessing = 0;
		};
		17CC979F28105D8E0039605F /* Sources */ = {
			isa = PBXSourcesBuildPhase;
			buildActionMask = 2147483647;
			files = (
				17CC97AA28105D8E0039605F /* Tests_macOSLaunchTests.swift in Sources */,
				17CC97A828105D8E0039605F /* Tests_macOS.swift in Sources */,
			);
			runOnlyForDeploymentPostprocessing = 0;
		};
/* End PBXSourcesBuildPhase section */

/* Begin PBXTargetDependency section */
		17CC979928105D8E0039605F /* PBXTargetDependency */ = {
			isa = PBXTargetDependency;
			target = 17CC978928105D8E0039605F /* MedBay (iOS) */;
			targetProxy = 17CC979828105D8E0039605F /* PBXContainerItemProxy */;
		};
		17CC97A528105D8E0039605F /* PBXTargetDependency */ = {
			isa = PBXTargetDependency;
			target = 17CC978F28105D8E0039605F /* MedBay (macOS) */;
			targetProxy = 17CC97A428105D8E0039605F /* PBXContainerItemProxy */;
		};
/* End PBXTargetDependency section */

/* Begin XCBuildConfiguration section */
		17CC97B128105D8E0039605F /* Debug */ = {
			isa = XCBuildConfiguration;
			buildSettings = {
				ALWAYS_SEARCH_USER_PATHS = NO;
				CLANG_ANALYZER_NONNULL = YES;
				CLANG_ANALYZER_NUMBER_OBJECT_CONVERSION = YES_AGGRESSIVE;
				CLANG_CXX_LANGUAGE_STANDARD = "gnu++17";
				CLANG_ENABLE_MODULES = YES;
				CLANG_ENABLE_OBJC_ARC = YES;
				CLANG_ENABLE_OBJC_WEAK = YES;
				CLANG_WARN_BLOCK_CAPTURE_AUTORELEASING = YES;
				CLANG_WARN_BOOL_CONVERSION = YES;
				CLANG_WARN_COMMA = YES;
				CLANG_WARN_CONSTANT_CONVERSION = YES;
				CLANG_WARN_DEPRECATED_OBJC_IMPLEMENTATIONS = YES;
				CLANG_WARN_DIRECT_OBJC_ISA_USAGE = YES_ERROR;
				CLANG_WARN_DOCUMENTATION_COMMENTS = YES;
				CLANG_WARN_EMPTY_BODY = YES;
				CLANG_WARN_ENUM_CONVERSION = YES;
				CLANG_WARN_INFINITE_RECURSION = YES;
				CLANG_WARN_INT_CONVERSION = YES;
				CLANG_WARN_NON_LITERAL_NULL_CONVERSION = YES;
				CLANG_WARN_OBJC_IMPLICIT_RETAIN_SELF = YES;
				CLANG_WARN_OBJC_LITERAL_CONVERSION = YES;
				CLANG_WARN_OBJC_ROOT_CLASS = YES_ERROR;
				CLANG_WARN_QUOTED_INCLUDE_IN_FRAMEWORK_HEADER = YES;
				CLANG_WARN_RANGE_LOOP_ANALYSIS = YES;
				CLANG_WARN_STRICT_PROTOTYPES = YES;
				CLANG_WARN_SUSPICIOUS_MOVE = YES;
				CLANG_WARN_UNGUARDED_AVAILABILITY = YES_AGGRESSIVE;
				CLANG_WARN_UNREACHABLE_CODE = YES;
				CLANG_WARN__DUPLICATE_METHOD_MATCH = YES;
				COPY_PHASE_STRIP = NO;
				DEBUG_INFORMATION_FORMAT = dwarf;
				ENABLE_STRICT_OBJC_MSGSEND = YES;
				ENABLE_TESTABILITY = YES;
				GCC_C_LANGUAGE_STANDARD = gnu11;
				GCC_DYNAMIC_NO_PIC = NO;
				GCC_NO_COMMON_BLOCKS = YES;
				GCC_OPTIMIZATION_LEVEL = 0;
				GCC_PREPROCESSOR_DEFINITIONS = (
					"DEBUG=1",
					"$(inherited)",
				);
				GCC_WARN_64_TO_32_BIT_CONVERSION = YES;
				GCC_WARN_ABOUT_RETURN_TYPE = YES_ERROR;
				GCC_WARN_UNDECLARED_SELECTOR = YES;
				GCC_WARN_UNINITIALIZED_AUTOS = YES_AGGRESSIVE;
				GCC_WARN_UNUSED_FUNCTION = YES;
				GCC_WARN_UNUSED_VARIABLE = YES;
				MTL_ENABLE_DEBUG_INFO = INCLUDE_SOURCE;
				MTL_FAST_MATH = YES;
				ONLY_ACTIVE_ARCH = YES;
				SWIFT_ACTIVE_COMPILATION_CONDITIONS = DEBUG;
				SWIFT_OPTIMIZATION_LEVEL = "-Onone";
			};
			name = Debug;
		};
		17CC97B228105D8E0039605F /* Release */ = {
			isa = XCBuildConfiguration;
			buildSettings = {
				ALWAYS_SEARCH_USER_PATHS = NO;
				CLANG_ANALYZER_NONNULL = YES;
				CLANG_ANALYZER_NUMBER_OBJECT_CONVERSION = YES_AGGRESSIVE;
				CLANG_CXX_LANGUAGE_STANDARD = "gnu++17";
				CLANG_ENABLE_MODULES = YES;
				CLANG_ENABLE_OBJC_ARC = YES;
				CLANG_ENABLE_OBJC_WEAK = YES;
				CLANG_WARN_BLOCK_CAPTURE_AUTORELEASING = YES;
				CLANG_WARN_BOOL_CONVERSION = YES;
				CLANG_WARN_COMMA = YES;
				CLANG_WARN_CONSTANT_CONVERSION = YES;
				CLANG_WARN_DEPRECATED_OBJC_IMPLEMENTATIONS = YES;
				CLANG_WARN_DIRECT_OBJC_ISA_USAGE = YES_ERROR;
				CLANG_WARN_DOCUMENTATION_COMMENTS = YES;
				CLANG_WARN_EMPTY_BODY = YES;
				CLANG_WARN_ENUM_CONVERSION = YES;
				CLANG_WARN_INFINITE_RECURSION = YES;
				CLANG_WARN_INT_CONVERSION = YES;
				CLANG_WARN_NON_LITERAL_NULL_CONVERSION = YES;
				CLANG_WARN_OBJC_IMPLICIT_RETAIN_SELF = YES;
				CLANG_WARN_OBJC_LITERAL_CONVERSION = YES;
				CLANG_WARN_OBJC_ROOT_CLASS = YES_ERROR;
				CLANG_WARN_QUOTED_INCLUDE_IN_FRAMEWORK_HEADER = YES;
				CLANG_WARN_RANGE_LOOP_ANALYSIS = YES;
				CLANG_WARN_STRICT_PROTOTYPES = YES;
				CLANG_WARN_SUSPICIOUS_MOVE = YES;
				CLANG_WARN_UNGUARDED_AVAILABILITY = YES_AGGRESSIVE;
				CLANG_WARN_UNREACHABLE_CODE = YES;
				CLANG_WARN__DUPLICATE_METHOD_MATCH = YES;
				COPY_PHASE_STRIP = NO;
				DEBUG_INFORMATION_FORMAT = "dwarf-with-dsym";
				ENABLE_NS_ASSERTIONS = NO;
				ENABLE_STRICT_OBJC_MSGSEND = YES;
				GCC_C_LANGUAGE_STANDARD = gnu11;
				GCC_NO_COMMON_BLOCKS = YES;
				GCC_WARN_64_TO_32_BIT_CONVERSION = YES;
				GCC_WARN_ABOUT_RETURN_TYPE = YES_ERROR;
				GCC_WARN_UNDECLARED_SELECTOR = YES;
				GCC_WARN_UNINITIALIZED_AUTOS = YES_AGGRESSIVE;
				GCC_WARN_UNUSED_FUNCTION = YES;
				GCC_WARN_UNUSED_VARIABLE = YES;
				MTL_ENABLE_DEBUG_INFO = NO;
				MTL_FAST_MATH = YES;
				SWIFT_COMPILATION_MODE = wholemodule;
				SWIFT_OPTIMIZATION_LEVEL = "-O";
			};
			name = Release;
		};
		17CC97B428105D8E0039605F /* Debug */ = {
			isa = XCBuildConfiguration;
			buildSettings = {
				ASSETCATALOG_COMPILER_APPICON_NAME = AppIcon;
				ASSETCATALOG_COMPILER_GLOBAL_ACCENT_COLOR_NAME = AccentColor;
				CODE_SIGN_STYLE = Automatic;
				CURRENT_PROJECT_VERSION = 1;
				DEVELOPMENT_TEAM = 6HHZ4C5GJY;
				ENABLE_PREVIEWS = YES;
				GENERATE_INFOPLIST_FILE = YES;
				INFOPLIST_KEY_UIApplicationSceneManifest_Generation = YES;
				INFOPLIST_KEY_UIApplicationSupportsIndirectInputEvents = YES;
				INFOPLIST_KEY_UILaunchScreen_Generation = YES;
				INFOPLIST_KEY_UISupportedInterfaceOrientations_iPad = "UIInterfaceOrientationPortrait UIInterfaceOrientationPortraitUpsideDown UIInterfaceOrientationLandscapeLeft UIInterfaceOrientationLandscapeRight";
				INFOPLIST_KEY_UISupportedInterfaceOrientations_iPhone = "UIInterfaceOrientationPortrait UIInterfaceOrientationLandscapeLeft UIInterfaceOrientationLandscapeRight";
				IPHONEOS_DEPLOYMENT_TARGET = 15.4;
				LD_RUNPATH_SEARCH_PATHS = (
					"$(inherited)",
					"@executable_path/Frameworks",
				);
				MARKETING_VERSION = 1.0;
				PRODUCT_BUNDLE_IDENTIFIER = justme.MedBay;
				PRODUCT_NAME = MedBay;
				SDKROOT = iphoneos;
				SWIFT_EMIT_LOC_STRINGS = YES;
				SWIFT_VERSION = 5.0;
				TARGETED_DEVICE_FAMILY = "1,2";
			};
			name = Debug;
		};
		17CC97B528105D8E0039605F /* Release */ = {
			isa = XCBuildConfiguration;
			buildSettings = {
				ASSETCATALOG_COMPILER_APPICON_NAME = AppIcon;
				ASSETCATALOG_COMPILER_GLOBAL_ACCENT_COLOR_NAME = AccentColor;
				CODE_SIGN_STYLE = Automatic;
				CURRENT_PROJECT_VERSION = 1;
				DEVELOPMENT_TEAM = 6HHZ4C5GJY;
				ENABLE_PREVIEWS = YES;
				GENERATE_INFOPLIST_FILE = YES;
				INFOPLIST_KEY_UIApplicationSceneManifest_Generation = YES;
				INFOPLIST_KEY_UIApplicationSupportsIndirectInputEvents = YES;
				INFOPLIST_KEY_UILaunchScreen_Generation = YES;
				INFOPLIST_KEY_UISupportedInterfaceOrientations_iPad = "UIInterfaceOrientationPortrait UIInterfaceOrientationPortraitUpsideDown UIInterfaceOrientationLandscapeLeft UIInterfaceOrientationLandscapeRight";
				INFOPLIST_KEY_UISupportedInterfaceOrientations_iPhone = "UIInterfaceOrientationPortrait UIInterfaceOrientationLandscapeLeft UIInterfaceOrientationLandscapeRight";
				IPHONEOS_DEPLOYMENT_TARGET = 15.4;
				LD_RUNPATH_SEARCH_PATHS = (
					"$(inherited)",
					"@executable_path/Frameworks",
				);
				MARKETING_VERSION = 1.0;
				PRODUCT_BUNDLE_IDENTIFIER = justme.MedBay;
				PRODUCT_NAME = MedBay;
				SDKROOT = iphoneos;
				SWIFT_EMIT_LOC_STRINGS = YES;
				SWIFT_VERSION = 5.0;
				TARGETED_DEVICE_FAMILY = "1,2";
				VALIDATE_PRODUCT = YES;
			};
			name = Release;
		};
		17CC97B728105D8E0039605F /* Debug */ = {
			isa = XCBuildConfiguration;
			buildSettings = {
				ASSETCATALOG_COMPILER_APPICON_NAME = AppIcon;
				ASSETCATALOG_COMPILER_GLOBAL_ACCENT_COLOR_NAME = AccentColor;
				CODE_SIGN_ENTITLEMENTS = macOS/macOS.entitlements;
				CODE_SIGN_STYLE = Automatic;
				COMBINE_HIDPI_IMAGES = YES;
				CURRENT_PROJECT_VERSION = 1;
				DEVELOPMENT_TEAM = 6HHZ4C5GJY;
				ENABLE_HARDENED_RUNTIME = YES;
				ENABLE_PREVIEWS = YES;
				GENERATE_INFOPLIST_FILE = YES;
				INFOPLIST_KEY_NSHumanReadableCopyright = "";
				LD_RUNPATH_SEARCH_PATHS = (
					"$(inherited)",
					"@executable_path/../Frameworks",
				);
				MACOSX_DEPLOYMENT_TARGET = 12.3;
				MARKETING_VERSION = 1.0;
				PRODUCT_BUNDLE_IDENTIFIER = justme.MedBay;
				PRODUCT_NAME = MedBay;
				SDKROOT = macosx;
				SWIFT_EMIT_LOC_STRINGS = YES;
				SWIFT_VERSION = 5.0;
			};
			name = Debug;
		};
		17CC97B828105D8E0039605F /* Release */ = {
			isa = XCBuildConfiguration;
			buildSettings = {
				ASSETCATALOG_COMPILER_APPICON_NAME = AppIcon;
				ASSETCATALOG_COMPILER_GLOBAL_ACCENT_COLOR_NAME = AccentColor;
				CODE_SIGN_ENTITLEMENTS = macOS/macOS.entitlements;
				CODE_SIGN_STYLE = Automatic;
				COMBINE_HIDPI_IMAGES = YES;
				CURRENT_PROJECT_VERSION = 1;
				DEVELOPMENT_TEAM = 6HHZ4C5GJY;
				ENABLE_HARDENED_RUNTIME = YES;
				ENABLE_PREVIEWS = YES;
				GENERATE_INFOPLIST_FILE = YES;
				INFOPLIST_KEY_NSHumanReadableCopyright = "";
				LD_RUNPATH_SEARCH_PATHS = (
					"$(inherited)",
					"@executable_path/../Frameworks",
				);
				MACOSX_DEPLOYMENT_TARGET = 12.3;
				MARKETING_VERSION = 1.0;
				PRODUCT_BUNDLE_IDENTIFIER = justme.MedBay;
				PRODUCT_NAME = MedBay;
				SDKROOT = macosx;
				SWIFT_EMIT_LOC_STRINGS = YES;
				SWIFT_VERSION = 5.0;
			};
			name = Release;
		};
		17CC97BA28105D8E0039605F /* Debug */ = {
			isa = XCBuildConfiguration;
			buildSettings = {
				ALWAYS_EMBED_SWIFT_STANDARD_LIBRARIES = YES;
				CODE_SIGN_STYLE = Automatic;
				CURRENT_PROJECT_VERSION = 1;
				DEVELOPMENT_TEAM = 6HHZ4C5GJY;
				GENERATE_INFOPLIST_FILE = YES;
				IPHONEOS_DEPLOYMENT_TARGET = 15.4;
				MARKETING_VERSION = 1.0;
				PRODUCT_BUNDLE_IDENTIFIER = "justme.Tests-iOS";
				PRODUCT_NAME = "$(TARGET_NAME)";
				SDKROOT = iphoneos;
				SWIFT_EMIT_LOC_STRINGS = NO;
				SWIFT_VERSION = 5.0;
				TARGETED_DEVICE_FAMILY = "1,2";
				TEST_TARGET_NAME = "MedBay (iOS)";
			};
			name = Debug;
		};
		17CC97BB28105D8E0039605F /* Release */ = {
			isa = XCBuildConfiguration;
			buildSettings = {
				ALWAYS_EMBED_SWIFT_STANDARD_LIBRARIES = YES;
				CODE_SIGN_STYLE = Automatic;
				CURRENT_PROJECT_VERSION = 1;
				DEVELOPMENT_TEAM = 6HHZ4C5GJY;
				GENERATE_INFOPLIST_FILE = YES;
				IPHONEOS_DEPLOYMENT_TARGET = 15.4;
				MARKETING_VERSION = 1.0;
				PRODUCT_BUNDLE_IDENTIFIER = "justme.Tests-iOS";
				PRODUCT_NAME = "$(TARGET_NAME)";
				SDKROOT = iphoneos;
				SWIFT_EMIT_LOC_STRINGS = NO;
				SWIFT_VERSION = 5.0;
				TARGETED_DEVICE_FAMILY = "1,2";
				TEST_TARGET_NAME = "MedBay (iOS)";
				VALIDATE_PRODUCT = YES;
			};
			name = Release;
		};
		17CC97BD28105D8E0039605F /* Debug */ = {
			isa = XCBuildConfiguration;
			buildSettings = {
				ALWAYS_EMBED_SWIFT_STANDARD_LIBRARIES = YES;
				CODE_SIGN_STYLE = Automatic;
				CURRENT_PROJECT_VERSION = 1;
				DEVELOPMENT_TEAM = 6HHZ4C5GJY;
				GENERATE_INFOPLIST_FILE = YES;
				MACOSX_DEPLOYMENT_TARGET = 12.3;
				MARKETING_VERSION = 1.0;
				PRODUCT_BUNDLE_IDENTIFIER = "justme.Tests-macOS";
				PRODUCT_NAME = "$(TARGET_NAME)";
				SDKROOT = macosx;
				SWIFT_EMIT_LOC_STRINGS = NO;
				SWIFT_VERSION = 5.0;
				TEST_TARGET_NAME = "MedBay (macOS)";
			};
			name = Debug;
		};
		17CC97BE28105D8E0039605F /* Release */ = {
			isa = XCBuildConfiguration;
			buildSettings = {
				ALWAYS_EMBED_SWIFT_STANDARD_LIBRARIES = YES;
				CODE_SIGN_STYLE = Automatic;
				CURRENT_PROJECT_VERSION = 1;
				DEVELOPMENT_TEAM = 6HHZ4C5GJY;
				GENERATE_INFOPLIST_FILE = YES;
				MACOSX_DEPLOYMENT_TARGET = 12.3;
				MARKETING_VERSION = 1.0;
				PRODUCT_BUNDLE_IDENTIFIER = "justme.Tests-macOS";
				PRODUCT_NAME = "$(TARGET_NAME)";
				SDKROOT = macosx;
				SWIFT_EMIT_LOC_STRINGS = NO;
				SWIFT_VERSION = 5.0;
				TEST_TARGET_NAME = "MedBay (macOS)";
			};
			name = Release;
		};
/* End XCBuildConfiguration section */

/* Begin XCConfigurationList section */
		17CC978128105D8B0039605F /* Build configuration list for PBXProject "MedBay" */ = {
			isa = XCConfigurationList;
			buildConfigurations = (
				17CC97B128105D8E0039605F /* Debug */,
				17CC97B228105D8E0039605F /* Release */,
			);
			defaultConfigurationIsVisible = 0;
			defaultConfigurationName = Release;
		};
		17CC97B328105D8E0039605F /* Build configuration list for PBXNativeTarget "MedBay (iOS)" */ = {
			isa = XCConfigurationList;
			buildConfigurations = (
				17CC97B428105D8E0039605F /* Debug */,
				17CC97B528105D8E0039605F /* Release */,
			);
			defaultConfigurationIsVisible = 0;
			defaultConfigurationName = Release;
		};
		17CC97B628105D8E0039605F /* Build configuration list for PBXNativeTarget "MedBay (macOS)" */ = {
			isa = XCConfigurationList;
			buildConfigurations = (
				17CC97B728105D8E0039605F /* Debug */,
				17CC97B828105D8E0039605F /* Release */,
			);
			defaultConfigurationIsVisible = 0;
			defaultConfigurationName = Release;
		};
		17CC97B928105D8E0039605F /* Build configuration list for PBXNativeTarget "Tests iOS" */ = {
			isa = XCConfigurationList;
			buildConfigurations = (
				17CC97BA28105D8E0039605F /* Debug */,
				17CC97BB28105D8E0039605F /* Release */,
			);
			defaultConfigurationIsVisible = 0;
			defaultConfigurationName = Release;
		};
		17CC97BC28105D8E0039605F /* Build configuration list for PBXNativeTarget "Tests macOS" */ = {
			isa = XCConfigurationList;
			buildConfigurations = (
				17CC97BD28105D8E0039605F /* Debug */,
				17CC97BE28105D8E0039605F /* Release */,
			);
			defaultConfigurationIsVisible = 0;
			defaultConfigurationName = Release;
		};
/* End XCConfigurationList section */
	};
	rootObject = 17CC977E28105D8B0039605F /* Project object */;
}
